
Microsoft Visual Studio Solution File, Format Version 12.00
# Visual Studio Version 17
VisualStudioVersion = 17.8.34330.188
MinimumVisualStudioVersion = 10.0.40219.1
Project("{FAE04EC0-301F-11D3-BF4B-00C04F79EFBC}") = "todoproject", "todoproject.csproj", "{5A66572C-D5B2-4FB1-99FB-5A539BE3E728}"
EndProject
Global
	GlobalSection(SolutionConfigurationPlatforms) = preSolution
		Debug|Any CPU = Debug|Any CPU
		Release|Any CPU = Release|Any CPU
	EndGlobalSection
	GlobalSection(ProjectConfigurationPlatforms) = postSolution
		{5A66572C-D5B2-4FB1-99FB-5A539BE3E728}.Debug|Any CPU.ActiveCfg = Debug|Any CPU
		{5A66572C-D5B2-4FB1-99FB-5A539BE3E728}.Debug|Any CPU.Build.0 = Debug|Any CPU
		{5A66572C-D5B2-4FB1-99FB-5A539BE3E728}.Release|Any CPU.ActiveCfg = Release|Any CPU
		{5A66572C-D5B2-4FB1-99FB-5A539BE3E728}.Release|Any CPU.Build.0 = Release|Any CPU
	EndGlobalSection
	GlobalSection(SolutionProperties) = preSolution
		HideSolutionNode = FALSE
	EndGlobalSection
	GlobalSection(ExtensibilityGlobals) = postSolution
		SolutionGuid = {47E4D904-A52D-44A4-A0B3-47845C3A13FB}
	EndGlobalSection
EndGlobal
